# This file is automatically @generated by Cargo.
# It is not intended for manual editing.
version = 3

[[package]]
name = "pluto-backup"
version = "0.1.0"

[[package]]
name = "pluto-cli"
version = "0.1.0"

[[package]]
name = "pluto-gui"
version = "0.1.0"

[[package]]
name = "pluto-network"
version = "0.1.0"
